
Microsoft Visual Studio Solution File, Format Version 12.00
# Visual Studio 2013
VisualStudioVersion = 12.0.30723.0
MinimumVisualStudioVersion = 10.0.40219.1
Project("{FAE04EC0-301F-11D3-BF4B-00C04F79EFBC}") = "PatchingEventSourcing", "PatchingEventSourcing\PatchingEventSourcing.csproj", "{D0734994-E9D4-4220-BF98-C3E5A1A3B2EC}"
EndProject
Project("{FAE04EC0-301F-11D3-BF4B-00C04F79EFBC}") = "PatchingEventSourcing.Tests", "PatchingEventSourcing.Tests\PatchingEventSourcing.Tests.csproj", "{A6E3743E-05E7-4456-9B6D-5D90A2C885A9}"
EndProject
Project("{2150E333-8FDC-42A3-9474-1A3956D46DE8}") = "Solution Items", "Solution Items", "{A1BB705A-9E24-436D-B46D-94472A785C59}"
	ProjectSection(SolutionItems) = preProject
		Performance1.psess = Performance1.psess
	EndProjectSection
EndProject
Global
	GlobalSection(SolutionConfigurationPlatforms) = preSolution
		Debug|Any CPU = Debug|Any CPU
		Release|Any CPU = Release|Any CPU
	EndGlobalSection
	GlobalSection(ProjectConfigurationPlatforms) = postSolution
		{D0734994-E9D4-4220-BF98-C3E5A1A3B2EC}.Debug|Any CPU.ActiveCfg = Debug|Any CPU
		{D0734994-E9D4-4220-BF98-C3E5A1A3B2EC}.Debug|Any CPU.Build.0 = Debug|Any CPU
		{D0734994-E9D4-4220-BF98-C3E5A1A3B2EC}.Release|Any CPU.ActiveCfg = Release|Any CPU
		{D0734994-E9D4-4220-BF98-C3E5A1A3B2EC}.Release|Any CPU.Build.0 = Release|Any CPU
		{A6E3743E-05E7-4456-9B6D-5D90A2C885A9}.Debug|Any CPU.ActiveCfg = Debug|Any CPU
		{A6E3743E-05E7-4456-9B6D-5D90A2C885A9}.Debug|Any CPU.Build.0 = Debug|Any CPU
		{A6E3743E-05E7-4456-9B6D-5D90A2C885A9}.Release|Any CPU.ActiveCfg = Release|Any CPU
		{A6E3743E-05E7-4456-9B6D-5D90A2C885A9}.Release|Any CPU.Build.0 = Release|Any CPU
	EndGlobalSection
	GlobalSection(SolutionProperties) = preSolution
		HideSolutionNode = FALSE
	EndGlobalSection
	GlobalSection(Performance) = preSolution
		HasPerformanceSessions = true
	EndGlobalSection
EndGlobal
